// !$*UTF8*$!
{
	archiveVersion = 1;
	classes = {
	};
	objectVersion = 56;
	objects = {

/* Begin PBXBuildFile section */
		69B474BF29E511C1002C70EC /* AppDelegate.swift in Sources */ = {isa = PBXBuildFile; fileRef = 69B474BE29E511C1002C70EC /* AppDelegate.swift */; };
		69B474C129E511C1002C70EC /* SceneDelegate.swift in Sources */ = {isa = PBXBuildFile; fileRef = 69B474C029E511C1002C70EC /* SceneDelegate.swift */; };
		69B474C329E511C1002C70EC /* ViewController.swift in Sources */ = {isa = PBXBuildFile; fileRef = 69B474C229E511C1002C70EC /* ViewController.swift */; };
		69B474C629E511C1002C70EC /* Main.storyboard in Resources */ = {isa = PBXBuildFile; fileRef = 69B474C429E511C1002C70EC /* Main.storyboard */; };
		69B474C829E511C2002C70EC /* Assets.xcassets in Resources */ = {isa = PBXBuildFile; fileRef = 69B474C729E511C2002C70EC /* Assets.xcassets */; };
		69B474CB29E511C2002C70EC /* LaunchScreen.storyboard in Resources */ = {isa = PBXBuildFile; fileRef = 69B474C929E511C2002C70EC /* LaunchScreen.storyboard */; };
		69B474D629E511C2002C70EC /* ReptiMateTests.swift in Sources */ = {isa = PBXBuildFile; fileRef = 69B474D529E511C2002C70EC /* ReptiMateTests.swift */; };
		69B474E029E511C2002C70EC /* ReptiMateUITests.swift in Sources */ = {isa = PBXBuildFile; fileRef = 69B474DF29E511C2002C70EC /* ReptiMateUITests.swift */; };
		69B474E229E511C2002C70EC /* ReptiMateUITestsLaunchTests.swift in Sources */ = {isa = PBXBuildFile; fileRef = 69B474E129E511C2002C70EC /* ReptiMateUITestsLaunchTests.swift */; };
/* End PBXBuildFile section */

/* Begin PBXContainerItemProxy section */
		69B474D229E511C2002C70EC /* PBXContainerItemProxy */ = {
			isa = PBXContainerItemProxy;
			containerPortal = 69B474B329E511C1002C70EC /* Project object */;
			proxyType = 1;
			remoteGlobalIDString = 69B474BA29E511C1002C70EC;
			remoteInfo = ReptiMate;
		};
		69B474DC29E511C2002C70EC /* PBXContainerItemProxy */ = {
			isa = PBXContainerItemProxy;
			containerPortal = 69B474B329E511C1002C70EC /* Project object */;
			proxyType = 1;
			remoteGlobalIDString = 69B474BA29E511C1002C70EC;
			remoteInfo = ReptiMate;
		};
/* End PBXContainerItemProxy section */

/* Begin PBXFileReference section */
		69B474BB29E511C1002C70EC /* ReptiMate.app */ = {isa = PBXFileReference; explicitFileType = wrapper.application; includeInIndex = 0; path = ReptiMate.app; sourceTree = BUILT_PRODUCTS_DIR; };
		69B474BE29E511C1002C70EC /* AppDelegate.swift */ = {isa = PBXFileReference; lastKnownFileType = sourcecode.swift; path = AppDelegate.swift; sourceTree = "<group>"; };
		69B474C029E511C1002C70EC /* SceneDelegate.swift */ = {isa = PBXFileReference; lastKnownFileType = sourcecode.swift; path = SceneDelegate.swift; sourceTree = "<group>"; };
		69B474C229E511C1002C70EC /* ViewController.swift */ = {isa = PBXFileReference; lastKnownFileType = sourcecode.swift; path = ViewController.swift; sourceTree = "<group>"; };
		69B474C529E511C1002C70EC /* Base */ = {isa = PBXFileReference; lastKnownFileType = file.storyboard; name = Base; path = Base.lproj/Main.storyboard; sourceTree = "<group>"; };
		69B474C729E511C2002C70EC /* Assets.xcassets */ = {isa = PBXFileReference; lastKnownFileType = folder.assetcatalog; path = Assets.xcassets; sourceTree = "<group>"; };
		69B474CA29E511C2002C70EC /* Base */ = {isa = PBXFileReference; lastKnownFileType = file.storyboard; name = Base; path = Base.lproj/LaunchScreen.storyboard; sourceTree = "<group>"; };
		69B474CC29E511C2002C70EC /* Info.plist */ = {isa = PBXFileReference; lastKnownFileType = text.plist.xml; path = Info.plist; sourceTree = "<group>"; };
		69B474D129E511C2002C70EC /* ReptiMateTests.xctest */ = {isa = PBXFileReference; explicitFileType = wrapper.cfbundle; includeInIndex = 0; path = ReptiMateTests.xctest; sourceTree = BUILT_PRODUCTS_DIR; };
		69B474D529E511C2002C70EC /* ReptiMateTests.swift */ = {isa = PBXFileReference; lastKnownFileType = sourcecode.swift; path = ReptiMateTests.swift; sourceTree = "<group>"; };
		69B474DB29E511C2002C70EC /* ReptiMateUITests.xctest */ = {isa = PBXFileReference; explicitFileType = wrapper.cfbundle; includeInIndex = 0; path = ReptiMateUITests.xctest; sourceTree = BUILT_PRODUCTS_DIR; };
		69B474DF29E511C2002C70EC /* ReptiMateUITests.swift */ = {isa = PBXFileReference; lastKnownFileType = sourcecode.swift; path = ReptiMateUITests.swift; sourceTree = "<group>"; };
		69B474E129E511C2002C70EC /* ReptiMateUITestsLaunchTests.swift */ = {isa = PBXFileReference; lastKnownFileType = sourcecode.swift; path = ReptiMateUITestsLaunchTests.swift; sourceTree = "<group>"; };
/* End PBXFileReference section */

/* Begin PBXFrameworksBuildPhase section */
		69B474B829E511C1002C70EC /* Frameworks */ = {
			isa = PBXFrameworksBuildPhase;
			buildActionMask = 2147483647;
			files = (
			);
			runOnlyForDeploymentPostprocessing = 0;
		};
		69B474CE29E511C2002C70EC /* Frameworks */ = {
			isa = PBXFrameworksBuildPhase;
			buildActionMask = 2147483647;
			files = (
			);
			runOnlyForDeploymentPostprocessing = 0;
		};
		69B474D829E511C2002C70EC /* Frameworks */ = {
			isa = PBXFrameworksBuildPhase;
			buildActionMask = 2147483647;
			files = (
			);
			runOnlyForDeploymentPostprocessing = 0;
		};
/* End PBXFrameworksBuildPhase section */

/* Begin PBXGroup section */
		69B474B229E511C1002C70EC = {
			isa = PBXGroup;
			children = (
				69B474BD29E511C1002C70EC /* ReptiMate */,
				69B474D429E511C2002C70EC /* ReptiMateTests */,
				69B474DE29E511C2002C70EC /* ReptiMateUITests */,
				69B474BC29E511C1002C70EC /* Products */,
			);
			sourceTree = "<group>";
		};
		69B474BC29E511C1002C70EC /* Products */ = {
			isa = PBXGroup;
			children = (
				69B474BB29E511C1002C70EC /* ReptiMate.app */,
				69B474D129E511C2002C70EC /* ReptiMateTests.xctest */,
				69B474DB29E511C2002C70EC /* ReptiMateUITests.xctest */,
			);
			name = Products;
			sourceTree = "<group>";
		};
		69B474BD29E511C1002C70EC /* ReptiMate */ = {
			isa = PBXGroup;
			children = (
				69B474BE29E511C1002C70EC /* AppDelegate.swift */,
				69B474C029E511C1002C70EC /* SceneDelegate.swift */,
				69B474C229E511C1002C70EC /* ViewController.swift */,
				69B474C429E511C1002C70EC /* Main.storyboard */,
				69B474C729E511C2002C70EC /* Assets.xcassets */,
				69B474C929E511C2002C70EC /* LaunchScreen.storyboard */,
				69B474CC29E511C2002C70EC /* Info.plist */,
			);
			path = ReptiMate;
			sourceTree = "<group>";
		};
		69B474D429E511C2002C70EC /* ReptiMateTests */ = {
			isa = PBXGroup;
			children = (
				69B474D529E511C2002C70EC /* ReptiMateTests.swift */,
			);
			path = ReptiMateTests;
			sourceTree = "<group>";
		};
		69B474DE29E511C2002C70EC /* ReptiMateUITests */ = {
			isa = PBXGroup;
			children = (
				69B474DF29E511C2002C70EC /* ReptiMateUITests.swift */,
				69B474E129E511C2002C70EC /* ReptiMateUITestsLaunchTests.swift */,
			);
			path = ReptiMateUITests;
			sourceTree = "<group>";
		};
/* End PBXGroup section */

/* Begin PBXNativeTarget section */
		69B474BA29E511C1002C70EC /* ReptiMate */ = {
			isa = PBXNativeTarget;
			buildConfigurationList = 69B474E529E511C2002C70EC /* Build configuration list for PBXNativeTarget "ReptiMate" */;
			buildPhases = (
				69B474B729E511C1002C70EC /* Sources */,
				69B474B829E511C1002C70EC /* Frameworks */,
				69B474B929E511C1002C70EC /* Resources */,
			);
			buildRules = (
			);
			dependencies = (
			);
			name = ReptiMate;
			productName = ReptiMate;
			productReference = 69B474BB29E511C1002C70EC /* ReptiMate.app */;
			productType = "com.apple.product-type.application";
		};
		69B474D029E511C2002C70EC /* ReptiMateTests */ = {
			isa = PBXNativeTarget;
			buildConfigurationList = 69B474E829E511C2002C70EC /* Build configuration list for PBXNativeTarget "ReptiMateTests" */;
			buildPhases = (
				69B474CD29E511C2002C70EC /* Sources */,
				69B474CE29E511C2002C70EC /* Frameworks */,
				69B474CF29E511C2002C70EC /* Resources */,
			);
			buildRules = (
			);
			dependencies = (
				69B474D329E511C2002C70EC /* PBXTargetDependency */,
			);
			name = ReptiMateTests;
			productName = ReptiMateTests;
			productReference = 69B474D129E511C2002C70EC /* ReptiMateTests.xctest */;
			productType = "com.apple.product-type.bundle.unit-test";
		};
		69B474DA29E511C2002C70EC /* ReptiMateUITests */ = {
			isa = PBXNativeTarget;
			buildConfigurationList = 69B474EB29E511C2002C70EC /* Build configuration list for PBXNativeTarget "ReptiMateUITests" */;
			buildPhases = (
				69B474D729E511C2002C70EC /* Sources */,
				69B474D829E511C2002C70EC /* Frameworks */,
				69B474D929E511C2002C70EC /* Resources */,
			);
			buildRules = (
			);
			dependencies = (
				69B474DD29E511C2002C70EC /* PBXTargetDependency */,
			);
			name = ReptiMateUITests;
			productName = ReptiMateUITests;
			productReference = 69B474DB29E511C2002C70EC /* ReptiMateUITests.xctest */;
			productType = "com.apple.product-type.bundle.ui-testing";
		};
/* End PBXNativeTarget section */

/* Begin PBXProject section */
		69B474B329E511C1002C70EC /* Project object */ = {
			isa = PBXProject;
			attributes = {
				BuildIndependentTargetsInParallel = 1;
				LastSwiftUpdateCheck = 1430;
				LastUpgradeCheck = 1430;
				TargetAttributes = {
					69B474BA29E511C1002C70EC = {
						CreatedOnToolsVersion = 14.3;
					};
					69B474D029E511C2002C70EC = {
						CreatedOnToolsVersion = 14.3;
						TestTargetID = 69B474BA29E511C1002C70EC;
					};
					69B474DA29E511C2002C70EC = {
						CreatedOnToolsVersion = 14.3;
						TestTargetID = 69B474BA29E511C1002C70EC;
					};
				};
			};
			buildConfigurationList = 69B474B629E511C1002C70EC /* Build configuration list for PBXProject "ReptiMate" */;
			compatibilityVersion = "Xcode 14.0";
			developmentRegion = en;
			hasScannedForEncodings = 0;
			knownRegions = (
				en,
				Base,
			);
			mainGroup = 69B474B229E511C1002C70EC;
			productRefGroup = 69B474BC29E511C1002C70EC /* Products */;
			projectDirPath = "";
			projectRoot = "";
			targets = (
				69B474BA29E511C1002C70EC /* ReptiMate */,
				69B474D029E511C2002C70EC /* ReptiMateTests */,
				69B474DA29E511C2002C70EC /* ReptiMateUITests */,
			);
		};
/* End PBXProject section */

/* Begin PBXResourcesBuildPhase section */
		69B474B929E511C1002C70EC /* Resources */ = {
			isa = PBXResourcesBuildPhase;
			buildActionMask = 2147483647;
			files = (
				69B474CB29E511C2002C70EC /* LaunchScreen.storyboard in Resources */,
				69B474C829E511C2002C70EC /* Assets.xcassets in Resources */,
				69B474C629E511C1002C70EC /* Main.storyboard in Resources */,
			);
			runOnlyForDeploymentPostprocessing = 0;
		};
		69B474CF29E511C2002C70EC /* Resources */ = {
			isa = PBXResourcesBuildPhase;
			buildActionMask = 2147483647;
			files = (
			);
			runOnlyForDeploymentPostprocessing = 0;
		};
		69B474D929E511C2002C70EC /* Resources */ = {
			isa = PBXResourcesBuildPhase;
			buildActionMask = 2147483647;
			files = (
			);
			runOnlyForDeploymentPostprocessing = 0;
		};
/* End PBXResourcesBuildPhase section */

/* Begin PBXSourcesBuildPhase section */
		69B474B729E511C1002C70EC /* Sources */ = {
			isa = PBXSourcesBuildPhase;
			buildActionMask = 2147483647;
			files = (
				69B474C329E511C1002C70EC /* ViewController.swift in Sources */,
				69B474BF29E511C1002C70EC /* AppDelegate.swift in Sources */,
				69B474C129E511C1002C70EC /* SceneDelegate.swift in Sources */,
			);
			runOnlyForDeploymentPostprocessing = 0;
		};
		69B474CD29E511C2002C70EC /* Sources */ = {
			isa = PBXSourcesBuildPhase;
			buildActionMask = 2147483647;
			files = (
				69B474D629E511C2002C70EC /* ReptiMateTests.swift in Sources */,
			);
			runOnlyForDeploymentPostprocessing = 0;
		};
		69B474D729E511C2002C70EC /* Sources */ = {
			isa = PBXSourcesBuildPhase;
			buildActionMask = 2147483647;
			files = (
				69B474E229E511C2002C70EC /* ReptiMateUITestsLaunchTests.swift in Sources */,
				69B474E029E511C2002C70EC /* ReptiMateUITests.swift in Sources */,
			);
			runOnlyForDeploymentPostprocessing = 0;
		};
/* End PBXSourcesBuildPhase section */

/* Begin PBXTargetDependency section */
		69B474D329E511C2002C70EC /* PBXTargetDependency */ = {
			isa = PBXTargetDependency;
			target = 69B474BA29E511C1002C70EC /* ReptiMate */;
			targetProxy = 69B474D229E511C2002C70EC /* PBXContainerItemProxy */;
		};
		69B474DD29E511C2002C70EC /* PBXTargetDependency */ = {
			isa = PBXTargetDependency;
			target = 69B474BA29E511C1002C70EC /* ReptiMate */;
			targetProxy = 69B474DC29E511C2002C70EC /* PBXContainerItemProxy */;
		};
/* End PBXTargetDependency section */

/* Begin PBXVariantGroup section */
		69B474C429E511C1002C70EC /* Main.storyboard */ = {
			isa = PBXVariantGroup;
			children = (
				69B474C529E511C1002C70EC /* Base */,
			);
			name = Main.storyboard;
			sourceTree = "<group>";
		};
		69B474C929E511C2002C70EC /* LaunchScreen.storyboard */ = {
			isa = PBXVariantGroup;
			children = (
				69B474CA29E511C2002C70EC /* Base */,
			);
			name = LaunchScreen.storyboard;
			sourceTree = "<group>";
		};
/* End PBXVariantGroup section */

/* Begin XCBuildConfiguration section */
		69B474E329E511C2002C70EC /* Debug */ = {
			isa = XCBuildConfiguration;
			buildSettings = {
				ALWAYS_SEARCH_USER_PATHS = NO;
				CLANG_ANALYZER_NONNULL = YES;
				CLANG_ANALYZER_NUMBER_OBJECT_CONVERSION = YES_AGGRESSIVE;
				CLANG_CXX_LANGUAGE_STANDARD = "gnu++20";
				CLANG_ENABLE_MODULES = YES;
				CLANG_ENABLE_OBJC_ARC = YES;
				CLANG_ENABLE_OBJC_WEAK = YES;
				CLANG_WARN_BLOCK_CAPTURE_AUTORELEASING = YES;
				CLANG_WARN_BOOL_CONVERSION = YES;
				CLANG_WARN_COMMA = YES;
				CLANG_WARN_CONSTANT_CONVERSION = YES;
				CLANG_WARN_DEPRECATED_OBJC_IMPLEMENTATIONS = YES;
				CLANG_WARN_DIRECT_OBJC_ISA_USAGE = YES_ERROR;
				CLANG_WARN_DOCUMENTATION_COMMENTS = YES;
				CLANG_WARN_EMPTY_BODY = YES;
				CLANG_WARN_ENUM_CONVERSION = YES;
				CLANG_WARN_INFINITE_RECURSION = YES;
				CLANG_WARN_INT_CONVERSION = YES;
				CLANG_WARN_NON_LITERAL_NULL_CONVERSION = YES;
				CLANG_WARN_OBJC_IMPLICIT_RETAIN_SELF = YES;
				CLANG_WARN_OBJC_LITERAL_CONVERSION = YES;
				CLANG_WARN_OBJC_ROOT_CLASS = YES_ERROR;
				CLANG_WARN_QUOTED_INCLUDE_IN_FRAMEWORK_HEADER = YES;
				CLANG_WARN_RANGE_LOOP_ANALYSIS = YES;
				CLANG_WARN_STRICT_PROTOTYPES = YES;
				CLANG_WARN_SUSPICIOUS_MOVE = YES;
				CLANG_WARN_UNGUARDED_AVAILABILITY = YES_AGGRESSIVE;
				CLANG_WARN_UNREACHABLE_CODE = YES;
				CLANG_WARN__DUPLICATE_METHOD_MATCH = YES;
				COPY_PHASE_STRIP = NO;
				DEBUG_INFORMATION_FORMAT = dwarf;
				ENABLE_STRICT_OBJC_MSGSEND = YES;
				ENABLE_TESTABILITY = YES;
				GCC_C_LANGUAGE_STANDARD = gnu11;
				GCC_DYNAMIC_NO_PIC = NO;
				GCC_NO_COMMON_BLOCKS = YES;
				GCC_OPTIMIZATION_LEVEL = 0;
				GCC_PREPROCESSOR_DEFINITIONS = (
					"DEBUG=1",
					"$(inherited)",
				);
				GCC_WARN_64_TO_32_BIT_CONVERSION = YES;
				GCC_WARN_ABOUT_RETURN_TYPE = YES_ERROR;
				GCC_WARN_UNDECLARED_SELECTOR = YES;
				GCC_WARN_UNINITIALIZED_AUTOS = YES_AGGRESSIVE;
				GCC_WARN_UNUSED_FUNCTION = YES;
				GCC_WARN_UNUSED_VARIABLE = YES;
				IPHONEOS_DEPLOYMENT_TARGET = 16.4;
				MTL_ENABLE_DEBUG_INFO = INCLUDE_SOURCE;
				MTL_FAST_MATH = YES;
				ONLY_ACTIVE_ARCH = YES;
				SDKROOT = iphoneos;
				SWIFT_ACTIVE_COMPILATION_CONDITIONS = DEBUG;
				SWIFT_OPTIMIZATION_LEVEL = "-Onone";
			};
			name = Debug;
		};
		69B474E429E511C2002C70EC /* Release */ = {
			isa = XCBuildConfiguration;
			buildSettings = {
				ALWAYS_SEARCH_USER_PATHS = NO;
				CLANG_ANALYZER_NONNULL = YES;
				CLANG_ANALYZER_NUMBER_OBJECT_CONVERSION = YES_AGGRESSIVE;
				CLANG_CXX_LANGUAGE_STANDARD = "gnu++20";
				CLANG_ENABLE_MODULES = YES;
				CLANG_ENABLE_OBJC_ARC = YES;
				CLANG_ENABLE_OBJC_WEAK = YES;
				CLANG_WARN_BLOCK_CAPTURE_AUTORELEASING = YES;
				CLANG_WARN_BOOL_CONVERSION = YES;
				CLANG_WARN_COMMA = YES;
				CLANG_WARN_CONSTANT_CONVERSION = YES;
				CLANG_WARN_DEPRECATED_OBJC_IMPLEMENTATIONS = YES;
				CLANG_WARN_DIRECT_OBJC_ISA_USAGE = YES_ERROR;
				CLANG_WARN_DOCUMENTATION_COMMENTS = YES;
				CLANG_WARN_EMPTY_BODY = YES;
				CLANG_WARN_ENUM_CONVERSION = YES;
				CLANG_WARN_INFINITE_RECURSION = YES;
				CLANG_WARN_INT_CONVERSION = YES;
				CLANG_WARN_NON_LITERAL_NULL_CONVERSION = YES;
				CLANG_WARN_OBJC_IMPLICIT_RETAIN_SELF = YES;
				CLANG_WARN_OBJC_LITERAL_CONVERSION = YES;
				CLANG_WARN_OBJC_ROOT_CLASS = YES_ERROR;
				CLANG_WARN_QUOTED_INCLUDE_IN_FRAMEWORK_HEADER = YES;
				CLANG_WARN_RANGE_LOOP_ANALYSIS = YES;
				CLANG_WARN_STRICT_PROTOTYPES = YES;
				CLANG_WARN_SUSPICIOUS_MOVE = YES;
				CLANG_WARN_UNGUARDED_AVAILABILITY = YES_AGGRESSIVE;
				CLANG_WARN_UNREACHABLE_CODE = YES;
				CLANG_WARN__DUPLICATE_METHOD_MATCH = YES;
				COPY_PHASE_STRIP = NO;
				DEBUG_INFORMATION_FORMAT = "dwarf-with-dsym";
				ENABLE_NS_ASSERTIONS = NO;
				ENABLE_STRICT_OBJC_MSGSEND = YES;
				GCC_C_LANGUAGE_STANDARD = gnu11;
				GCC_NO_COMMON_BLOCKS = YES;
				GCC_WARN_64_TO_32_BIT_CONVERSION = YES;
				GCC_WARN_ABOUT_RETURN_TYPE = YES_ERROR;
				GCC_WARN_UNDECLARED_SELECTOR = YES;
				GCC_WARN_UNINITIALIZED_AUTOS = YES_AGGRESSIVE;
				GCC_WARN_UNUSED_FUNCTION = YES;
				GCC_WARN_UNUSED_VARIABLE = YES;
				IPHONEOS_DEPLOYMENT_TARGET = 16.4;
				MTL_ENABLE_DEBUG_INFO = NO;
				MTL_FAST_MATH = YES;
				SDKROOT = iphoneos;
				SWIFT_COMPILATION_MODE = wholemodule;
				SWIFT_OPTIMIZATION_LEVEL = "-O";
				VALIDATE_PRODUCT = YES;
			};
			name = Release;
		};
		69B474E629E511C2002C70EC /* Debug */ = {
			isa = XCBuildConfiguration;
			buildSettings = {
				ASSETCATALOG_COMPILER_APPICON_NAME = AppIcon;
				ASSETCATALOG_COMPILER_GLOBAL_ACCENT_COLOR_NAME = AccentColor;
				CODE_SIGN_STYLE = Automatic;
				CURRENT_PROJECT_VERSION = 1;
				DEVELOPMENT_TEAM = T85YW7F828;
				GENERATE_INFOPLIST_FILE = YES;
				INFOPLIST_FILE = ReptiMate/Info.plist;
				INFOPLIST_KEY_UIApplicationSupportsIndirectInputEvents = YES;
				INFOPLIST_KEY_UILaunchStoryboardName = LaunchScreen;
				INFOPLIST_KEY_UIMainStoryboardFile = Main;
				INFOPLIST_KEY_UISupportedInterfaceOrientations_iPad = "UIInterfaceOrientationPortrait UIInterfaceOrientationPortraitUpsideDown UIInterfaceOrientationLandscapeLeft UIInterfaceOrientationLandscapeRight";
				INFOPLIST_KEY_UISupportedInterfaceOrientations_iPhone = "UIInterfaceOrientationPortrait UIInterfaceOrientationLandscapeLeft UIInterfaceOrientationLandscapeRight";
				LD_RUNPATH_SEARCH_PATHS = (
					"$(inherited)",
					"@executable_path/Frameworks",
				);
				MARKETING_VERSION = 1.0;
				PRODUCT_BUNDLE_IDENTIFIER = store.reptimate.ReptiMate;
				PRODUCT_NAME = "$(TARGET_NAME)";
				SWIFT_EMIT_LOC_STRINGS = YES;
				SWIFT_VERSION = 5.0;
				TARGETED_DEVICE_FAMILY = "1,2";
			};
			name = Debug;
		};
		69B474E729E511C2002C70EC /* Release */ = {
			isa = XCBuildConfiguration;
			buildSettings = {
				ASSETCATALOG_COMPILER_APPICON_NAME = AppIcon;
				ASSETCATALOG_COMPILER_GLOBAL_ACCENT_COLOR_NAME = AccentColor;
				CODE_SIGN_STYLE = Automatic;
				CURRENT_PROJECT_VERSION = 1;
				DEVELOPMENT_TEAM = T85YW7F828;
				GENERATE_INFOPLIST_FILE = YES;
				INFOPLIST_FILE = ReptiMate/Info.plist;
				INFOPLIST_KEY_UIApplicationSupportsIndirectInputEvents = YES;
				INFOPLIST_KEY_UILaunchStoryboardName = LaunchScreen;
				INFOPLIST_KEY_UIMainStoryboardFile = Main;
				INFOPLIST_KEY_UISupportedInterfaceOrientations_iPad = "UIInterfaceOrientationPortrait UIInterfaceOrientationPortraitUpsideDown UIInterfaceOrientationLandscapeLeft UIInterfaceOrientationLandscapeRight";
				INFOPLIST_KEY_UISupportedInterfaceOrientations_iPhone = "UIInterfaceOrientationPortrait UIInterfaceOrientationLandscapeLeft UIInterfaceOrientationLandscapeRight";
				LD_RUNPATH_SEARCH_PATHS = (
					"$(inherited)",
					"@executable_path/Frameworks",
				);
				MARKETING_VERSION = 1.0;
				PRODUCT_BUNDLE_IDENTIFIER = store.reptimate.ReptiMate;
				PRODUCT_NAME = "$(TARGET_NAME)";
				SWIFT_EMIT_LOC_STRINGS = YES;
				SWIFT_VERSION = 5.0;
				TARGETED_DEVICE_FAMILY = "1,2";
			};
			name = Release;
		};
		69B474E929E511C2002C70EC /* Debug */ = {
			isa = XCBuildConfiguration;
			buildSettings = {
				ALWAYS_EMBED_SWIFT_STANDARD_LIBRARIES = YES;
				BUNDLE_LOADER = "$(TEST_HOST)";
				CODE_SIGN_STYLE = Automatic;
				CURRENT_PROJECT_VERSION = 1;
				DEVELOPMENT_TEAM = T85YW7F828;
				GENERATE_INFOPLIST_FILE = YES;
				IPHONEOS_DEPLOYMENT_TARGET = 16.4;
				MARKETING_VERSION = 1.0;
				PRODUCT_BUNDLE_IDENTIFIER = store.reptimate.ReptiMateTests;
				PRODUCT_NAME = "$(TARGET_NAME)";
				SWIFT_EMIT_LOC_STRINGS = NO;
				SWIFT_VERSION = 5.0;
				TARGETED_DEVICE_FAMILY = "1,2";
				TEST_HOST = "$(BUILT_PRODUCTS_DIR)/ReptiMate.app/$(BUNDLE_EXECUTABLE_FOLDER_PATH)/ReptiMate";
			};
			name = Debug;
		};
		69B474EA29E511C2002C70EC /* Release */ = {
			isa = XCBuildConfiguration;
			buildSettings = {
				ALWAYS_EMBED_SWIFT_STANDARD_LIBRARIES = YES;
				BUNDLE_LOADER = "$(TEST_HOST)";
				CODE_SIGN_STYLE = Automatic;
				CURRENT_PROJECT_VERSION = 1;
				DEVELOPMENT_TEAM = T85YW7F828;
				GENERATE_INFOPLIST_FILE = YES;
				IPHONEOS_DEPLOYMENT_TARGET = 16.4;
				MARKETING_VERSION = 1.0;
				PRODUCT_BUNDLE_IDENTIFIER = store.reptimate.ReptiMateTests;
				PRODUCT_NAME = "$(TARGET_NAME)";
				SWIFT_EMIT_LOC_STRINGS = NO;
				SWIFT_VERSION = 5.0;
				TARGETED_DEVICE_FAMILY = "1,2";
				TEST_HOST = "$(BUILT_PRODUCTS_DIR)/ReptiMate.app/$(BUNDLE_EXECUTABLE_FOLDER_PATH)/ReptiMate";
			};
			name = Release;
		};
		69B474EC29E511C2002C70EC /* Debug */ = {
			isa = XCBuildConfiguration;
			buildSettings = {
				ALWAYS_EMBED_SWIFT_STANDARD_LIBRARIES = YES;
				CODE_SIGN_STYLE = Automatic;
				CURRENT_PROJECT_VERSION = 1;
				DEVELOPMENT_TEAM = T85YW7F828;
				GENERATE_INFOPLIST_FILE = YES;
				MARKETING_VERSION = 1.0;
				PRODUCT_BUNDLE_IDENTIFIER = store.reptimate.ReptiMateUITests;
				PRODUCT_NAME = "$(TARGET_NAME)";
				SWIFT_EMIT_LOC_STRINGS = NO;
				SWIFT_VERSION = 5.0;
				TARGETED_DEVICE_FAMILY = "1,2";
				TEST_TARGET_NAME = ReptiMate;
			};
			name = Debug;
		};
		69B474ED29E511C2002C70EC /* Release */ = {
			isa = XCBuildConfiguration;
			buildSettings = {
				ALWAYS_EMBED_SWIFT_STANDARD_LIBRARIES = YES;
				CODE_SIGN_STYLE = Automatic;
				CURRENT_PROJECT_VERSION = 1;
				DEVELOPMENT_TEAM = T85YW7F828;
				GENERATE_INFOPLIST_FILE = YES;
				MARKETING_VERSION = 1.0;
				PRODUCT_BUNDLE_IDENTIFIER = store.reptimate.ReptiMateUITests;
				PRODUCT_NAME = "$(TARGET_NAME)";
				SWIFT_EMIT_LOC_STRINGS = NO;
				SWIFT_VERSION = 5.0;
				TARGETED_DEVICE_FAMILY = "1,2";
				TEST_TARGET_NAME = ReptiMate;
			};
			name = Release;
		};
/* End XCBuildConfiguration section */

/* Begin XCConfigurationList section */
		69B474B629E511C1002C70EC /* Build configuration list for PBXProject "ReptiMate" */ = {
			isa = XCConfigurationList;
			buildConfigurations = (
				69B474E329E511C2002C70EC /* Debug */,
				69B474E429E511C2002C70EC /* Release */,
			);
			defaultConfigurationIsVisible = 0;
			defaultConfigurationName = Release;
		};
		69B474E529E511C2002C70EC /* Build configuration list for PBXNativeTarget "ReptiMate" */ = {
			isa = XCConfigurationList;
			buildConfigurations = (
				69B474E629E511C2002C70EC /* Debug */,
				69B474E729E511C2002C70EC /* Release */,
			);
			defaultConfigurationIsVisible = 0;
			defaultConfigurationName = Release;
		};
		69B474E829E511C2002C70EC /* Build configuration list for PBXNativeTarget "ReptiMateTests" */ = {
			isa = XCConfigurationList;
			buildConfigurations = (
				69B474E929E511C2002C70EC /* Debug */,
				69B474EA29E511C2002C70EC /* Release */,
			);
			defaultConfigurationIsVisible = 0;
			defaultConfigurationName = Release;
		};
		69B474EB29E511C2002C70EC /* Build configuration list for PBXNativeTarget "ReptiMateUITests" */ = {
			isa = XCConfigurationList;
			buildConfigurations = (
				69B474EC29E511C2002C70EC /* Debug */,
				69B474ED29E511C2002C70EC /* Release */,
			);
			defaultConfigurationIsVisible = 0;
			defaultConfigurationName = Release;
		};
/* End XCConfigurationList section */
	};
	rootObject = 69B474B329E511C1002C70EC /* Project object */;
}
